
Microsoft Visual Studio Solution File, Format Version 12.00
# Visual Studio Version 16
VisualStudioVersion = 16.0.31729.503
MinimumVisualStudioVersion = 10.0.40219.1
Project("{FAE04EC0-301F-11D3-BF4B-00C04F79EFBC}") = "gp", "gp\gp.csproj", "{1E70AADE-544D-47A5-8954-9F7187D4D08F}"
EndProject
Global
	GlobalSection(SolutionConfigurationPlatforms) = preSolution
		Debug|Any CPU = Debug|Any CPU
		Release|Any CPU = Release|Any CPU
	EndGlobalSection
	GlobalSection(ProjectConfigurationPlatforms) = postSolution
		{1E70AADE-544D-47A5-8954-9F7187D4D08F}.Debug|Any CPU.ActiveCfg = Debug|Any CPU
		{1E70AADE-544D-47A5-8954-9F7187D4D08F}.Debug|Any CPU.Build.0 = Debug|Any CPU
		{1E70AADE-544D-47A5-8954-9F7187D4D08F}.Release|Any CPU.ActiveCfg = Release|Any CPU
		{1E70AADE-544D-47A5-8954-9F7187D4D08F}.Release|Any CPU.Build.0 = Release|Any CPU
	EndGlobalSection
	GlobalSection(SolutionProperties) = preSolution
		HideSolutionNode = FALSE
	EndGlobalSection
	GlobalSection(ExtensibilityGlobals) = postSolution
		SolutionGuid = {5554E04D-9267-41F1-8D0B-640E831FEC15}
	EndGlobalSection
EndGlobal
